
Microsoft Visual Studio Solution File, Format Version 12.00
# Visual Studio Version 16
VisualStudioVersion = 16.0.32510.428
MinimumVisualStudioVersion = 10.0.40219.1
Project("{FAE04EC0-301F-11D3-BF4B-00C04F79EFBC}") = "01.EnergyDrinks", "01.Task\01.EnergyDrinks.csproj", "{18019312-2C91-472E-8C6A-78853F139DCD}"
EndProject
Project("{FAE04EC0-301F-11D3-BF4B-00C04F79EFBC}") = "02.RallyRacing", "02.RallyRacing\02.RallyRacing.csproj", "{9C80FA3D-7B3C-49A9-861A-2200B83903D7}"
EndProject
Project("{9A19103F-16F7-4668-BE54-9A1E7A4F7556}") = "03.ComputerArchitecture", "03.ComputerArchitecture\03.ComputerArchitecture\03.ComputerArchitecture.csproj", "{BC809BF2-CCE3-4FA7-8947-C2058995F2A4}"
EndProject
Global
	GlobalSection(SolutionConfigurationPlatforms) = preSolution
		Debug|Any CPU = Debug|Any CPU
		Release|Any CPU = Release|Any CPU
	EndGlobalSection
	GlobalSection(ProjectConfigurationPlatforms) = postSolution
		{18019312-2C91-472E-8C6A-78853F139DCD}.Debug|Any CPU.ActiveCfg = Debug|Any CPU
		{18019312-2C91-472E-8C6A-78853F139DCD}.Debug|Any CPU.Build.0 = Debug|Any CPU
		{18019312-2C91-472E-8C6A-78853F139DCD}.Release|Any CPU.ActiveCfg = Release|Any CPU
		{18019312-2C91-472E-8C6A-78853F139DCD}.Release|Any CPU.Build.0 = Release|Any CPU
		{9C80FA3D-7B3C-49A9-861A-2200B83903D7}.Debug|Any CPU.ActiveCfg = Debug|Any CPU
		{9C80FA3D-7B3C-49A9-861A-2200B83903D7}.Debug|Any CPU.Build.0 = Debug|Any CPU
		{9C80FA3D-7B3C-49A9-861A-2200B83903D7}.Release|Any CPU.ActiveCfg = Release|Any CPU
		{9C80FA3D-7B3C-49A9-861A-2200B83903D7}.Release|Any CPU.Build.0 = Release|Any CPU
		{BC809BF2-CCE3-4FA7-8947-C2058995F2A4}.Debug|Any CPU.ActiveCfg = Debug|Any CPU
		{BC809BF2-CCE3-4FA7-8947-C2058995F2A4}.Debug|Any CPU.Build.0 = Debug|Any CPU
		{BC809BF2-CCE3-4FA7-8947-C2058995F2A4}.Release|Any CPU.ActiveCfg = Release|Any CPU
		{BC809BF2-CCE3-4FA7-8947-C2058995F2A4}.Release|Any CPU.Build.0 = Release|Any CPU
	EndGlobalSection
	GlobalSection(SolutionProperties) = preSolution
		HideSolutionNode = FALSE
	EndGlobalSection
	GlobalSection(ExtensibilityGlobals) = postSolution
		SolutionGuid = {C413C6B2-7DA3-44AC-88FA-C3131DF13B7B}
	EndGlobalSection
EndGlobal
